// !$*UTF8*$!
{
	archiveVersion = 1;
	classes = {
	};
	objectVersion = 56;
	objects = {

/* Begin PBXBuildFile section */
		6BB8AFB12CD87B2D003183AF /* ContentView.swift in Sources */ = {isa = PBXBuildFile; fileRef = 6BB8AFB02CD87B2D003183AF /* ContentView.swift */; };
		6BB8AFB32CD87B30003183AF /* Assets.xcassets in Resources */ = {isa = PBXBuildFile; fileRef = 6BB8AFB22CD87B30003183AF /* Assets.xcassets */; };
		6BB8AFB62CD87B30003183AF /* Preview Assets.xcassets in Resources */ = {isa = PBXBuildFile; fileRef = 6BB8AFB52CD87B30003183AF /* Preview Assets.xcassets */; };
		6BB8AFBD2CD87B71003183AF /* TravelApp.swift in Sources */ = {isa = PBXBuildFile; fileRef = 6BB8AFBC2CD87B71003183AF /* TravelApp.swift */; };
		6BB8AFC02CD9195F003183AF /* TripCardView.swift in Sources */ = {isa = PBXBuildFile; fileRef = 6BB8AFBF2CD9195F003183AF /* TripCardView.swift */; };
		6BB8AFC22CD91971003183AF /* MyTripsView.swift in Sources */ = {isa = PBXBuildFile; fileRef = 6BB8AFC12CD91971003183AF /* MyTripsView.swift */; };
		6BB8AFC42CD91985003183AF /* NewTripView.swift in Sources */ = {isa = PBXBuildFile; fileRef = 6BB8AFC32CD91985003183AF /* NewTripView.swift */; };
		6BB8AFC62CD91997003183AF /* DateSelectionView.swift in Sources */ = {isa = PBXBuildFile; fileRef = 6BB8AFC52CD91997003183AF /* DateSelectionView.swift */; };
		6BB8AFC82CD919AD003183AF /* TripDetailsView.swift in Sources */ = {isa = PBXBuildFile; fileRef = 6BB8AFC72CD919AD003183AF /* TripDetailsView.swift */; };
		6BB8AFCB2CD91BB3003183AF /* TripRepository.swift in Sources */ = {isa = PBXBuildFile; fileRef = 6BB8AFCA2CD91BB3003183AF /* TripRepository.swift */; };
		6BB8AFCF2CD91BDF003183AF /* Trip.swift in Sources */ = {isa = PBXBuildFile; fileRef = 6BB8AFCE2CD91BDF003183AF /* Trip.swift */; };
		6BB8AFD12CD91C8C003183AF /* GoogleService-Info.plist in Resources */ = {isa = PBXBuildFile; fileRef = 6BB8AFD02CD91C8C003183AF /* GoogleService-Info.plist */; };
		6BB8AFD32CD91CD5003183AF /* Podfile in Resources */ = {isa = PBXBuildFile; fileRef = 6BB8AFD22CD91CD5003183AF /* Podfile */; };
		6BB8AFD52CD9C542003183AF /* LocationRepository.swift in Sources */ = {isa = PBXBuildFile; fileRef = 6BB8AFD42CD9C541003183AF /* LocationRepository.swift */; };
		6BB8AFD72CD9C559003183AF /* Location.swift in Sources */ = {isa = PBXBuildFile; fileRef = 6BB8AFD62CD9C559003183AF /* Location.swift */; };
		6BB8AFD92CD9C66B003183AF /* Day.swift in Sources */ = {isa = PBXBuildFile; fileRef = 6BB8AFD82CD9C66B003183AF /* Day.swift */; };
		6BB8AFDB2CD9C739003183AF /* Event.swift in Sources */ = {isa = PBXBuildFile; fileRef = 6BB8AFDA2CD9C739003183AF /* Event.swift */; };
		6BB8AFDD2CD9CDB1003183AF /* DayView.swift in Sources */ = {isa = PBXBuildFile; fileRef = 6BB8AFDC2CD9CDB1003183AF /* DayView.swift */; };
		6BB8AFDF2CDAB212003183AF /* LocationDetailView.swift in Sources */ = {isa = PBXBuildFile; fileRef = 6BB8AFDE2CDAB212003183AF /* LocationDetailView.swift */; };
		6BB8AFE32CDAD189003183AF /* LocationHoursView.swift in Sources */ = {isa = PBXBuildFile; fileRef = 6BB8AFE22CDAD189003183AF /* LocationHoursView.swift */; };
		6BB8AFE52CDAD26D003183AF /* AddEventView.swift in Sources */ = {isa = PBXBuildFile; fileRef = 6BB8AFE42CDAD26D003183AF /* AddEventView.swift */; };
		6BB8AFE72CDB226E003183AF /* TestView.swift in Sources */ = {isa = PBXBuildFile; fileRef = 6BB8AFE62CDB226E003183AF /* TestView.swift */; };
		6BB8AFE92CDC0676003183AF /* ItineraryView.swift in Sources */ = {isa = PBXBuildFile; fileRef = 6BB8AFE82CDC0675003183AF /* ItineraryView.swift */; };
		6BB8AFED2CDC0C94003183AF /* EventEditView.swift in Sources */ = {isa = PBXBuildFile; fileRef = 6BB8AFEC2CDC0C94003183AF /* EventEditView.swift */; };
		86E59386706B158335D6098E /* Pods_kailan_team12.framework in Frameworks */ = {isa = PBXBuildFile; fileRef = DDBDF4D1D7F8785417799C8A /* Pods_kailan_team12.framework */; };
/* End PBXBuildFile section */

/* Begin PBXFileReference section */
		6AE1D02FDFC866C0C7CC85A8 /* Pods-kailan-team12.debug.xcconfig */ = {isa = PBXFileReference; includeInIndex = 1; lastKnownFileType = text.xcconfig; name = "Pods-kailan-team12.debug.xcconfig"; path = "Target Support Files/Pods-kailan-team12/Pods-kailan-team12.debug.xcconfig"; sourceTree = "<group>"; };
		6BB8AFAB2CD87B2D003183AF /* kailan-team12.app */ = {isa = PBXFileReference; explicitFileType = wrapper.application; includeInIndex = 0; path = "kailan-team12.app"; sourceTree = BUILT_PRODUCTS_DIR; };
		6BB8AFB02CD87B2D003183AF /* ContentView.swift */ = {isa = PBXFileReference; lastKnownFileType = sourcecode.swift; path = ContentView.swift; sourceTree = "<group>"; };
		6BB8AFB22CD87B30003183AF /* Assets.xcassets */ = {isa = PBXFileReference; lastKnownFileType = folder.assetcatalog; path = Assets.xcassets; sourceTree = "<group>"; };
		6BB8AFB52CD87B30003183AF /* Preview Assets.xcassets */ = {isa = PBXFileReference; lastKnownFileType = folder.assetcatalog; path = "Preview Assets.xcassets"; sourceTree = "<group>"; };
		6BB8AFBC2CD87B71003183AF /* TravelApp.swift */ = {isa = PBXFileReference; lastKnownFileType = sourcecode.swift; path = TravelApp.swift; sourceTree = "<group>"; };
		6BB8AFBF2CD9195F003183AF /* TripCardView.swift */ = {isa = PBXFileReference; lastKnownFileType = sourcecode.swift; path = TripCardView.swift; sourceTree = "<group>"; };
		6BB8AFC12CD91971003183AF /* MyTripsView.swift */ = {isa = PBXFileReference; lastKnownFileType = sourcecode.swift; path = MyTripsView.swift; sourceTree = "<group>"; };
		6BB8AFC32CD91985003183AF /* NewTripView.swift */ = {isa = PBXFileReference; lastKnownFileType = sourcecode.swift; path = NewTripView.swift; sourceTree = "<group>"; };
		6BB8AFC52CD91997003183AF /* DateSelectionView.swift */ = {isa = PBXFileReference; lastKnownFileType = sourcecode.swift; path = DateSelectionView.swift; sourceTree = "<group>"; };
		6BB8AFC72CD919AD003183AF /* TripDetailsView.swift */ = {isa = PBXFileReference; lastKnownFileType = sourcecode.swift; path = TripDetailsView.swift; sourceTree = "<group>"; };
		6BB8AFCA2CD91BB3003183AF /* TripRepository.swift */ = {isa = PBXFileReference; lastKnownFileType = sourcecode.swift; path = TripRepository.swift; sourceTree = "<group>"; };
		6BB8AFCE2CD91BDF003183AF /* Trip.swift */ = {isa = PBXFileReference; lastKnownFileType = sourcecode.swift; path = Trip.swift; sourceTree = "<group>"; };
		6BB8AFD02CD91C8C003183AF /* GoogleService-Info.plist */ = {isa = PBXFileReference; fileEncoding = 4; lastKnownFileType = text.plist.xml; path = "GoogleService-Info.plist"; sourceTree = "<group>"; };
		6BB8AFD22CD91CD5003183AF /* Podfile */ = {isa = PBXFileReference; fileEncoding = 4; lastKnownFileType = text; path = Podfile; sourceTree = SOURCE_ROOT; };
		6BB8AFD42CD9C541003183AF /* LocationRepository.swift */ = {isa = PBXFileReference; lastKnownFileType = sourcecode.swift; path = LocationRepository.swift; sourceTree = "<group>"; };
		6BB8AFD62CD9C559003183AF /* Location.swift */ = {isa = PBXFileReference; lastKnownFileType = sourcecode.swift; path = Location.swift; sourceTree = "<group>"; };
		6BB8AFD82CD9C66B003183AF /* Day.swift */ = {isa = PBXFileReference; lastKnownFileType = sourcecode.swift; path = Day.swift; sourceTree = "<group>"; };
		6BB8AFDA2CD9C739003183AF /* Event.swift */ = {isa = PBXFileReference; lastKnownFileType = sourcecode.swift; path = Event.swift; sourceTree = "<group>"; };
		6BB8AFDC2CD9CDB1003183AF /* DayView.swift */ = {isa = PBXFileReference; lastKnownFileType = sourcecode.swift; path = DayView.swift; sourceTree = "<group>"; };
		6BB8AFDE2CDAB212003183AF /* LocationDetailView.swift */ = {isa = PBXFileReference; lastKnownFileType = sourcecode.swift; path = LocationDetailView.swift; sourceTree = "<group>"; };
		6BB8AFE22CDAD189003183AF /* LocationHoursView.swift */ = {isa = PBXFileReference; lastKnownFileType = sourcecode.swift; path = LocationHoursView.swift; sourceTree = "<group>"; };
		6BB8AFE42CDAD26D003183AF /* AddEventView.swift */ = {isa = PBXFileReference; lastKnownFileType = sourcecode.swift; path = AddEventView.swift; sourceTree = "<group>"; };
		6BB8AFE62CDB226E003183AF /* TestView.swift */ = {isa = PBXFileReference; lastKnownFileType = sourcecode.swift; path = TestView.swift; sourceTree = "<group>"; };
		6BB8AFE82CDC0675003183AF /* ItineraryView.swift */ = {isa = PBXFileReference; lastKnownFileType = sourcecode.swift; path = ItineraryView.swift; sourceTree = "<group>"; };
		6BB8AFEC2CDC0C94003183AF /* EventEditView.swift */ = {isa = PBXFileReference; lastKnownFileType = sourcecode.swift; path = EventEditView.swift; sourceTree = "<group>"; };
		70156AFA9840537541186168 /* Pods-kailan-team12.release.xcconfig */ = {isa = PBXFileReference; includeInIndex = 1; lastKnownFileType = text.xcconfig; name = "Pods-kailan-team12.release.xcconfig"; path = "Target Support Files/Pods-kailan-team12/Pods-kailan-team12.release.xcconfig"; sourceTree = "<group>"; };
		DDBDF4D1D7F8785417799C8A /* Pods_kailan_team12.framework */ = {isa = PBXFileReference; explicitFileType = wrapper.framework; includeInIndex = 0; path = Pods_kailan_team12.framework; sourceTree = BUILT_PRODUCTS_DIR; };
/* End PBXFileReference section */

/* Begin PBXFrameworksBuildPhase section */
		6BB8AFA82CD87B2D003183AF /* Frameworks */ = {
			isa = PBXFrameworksBuildPhase;
			buildActionMask = 2147483647;
			files = (
				86E59386706B158335D6098E /* Pods_kailan_team12.framework in Frameworks */,
			);
			runOnlyForDeploymentPostprocessing = 0;
		};
/* End PBXFrameworksBuildPhase section */

/* Begin PBXGroup section */
		6BB8AFA22CD87B2D003183AF = {
			isa = PBXGroup;
			children = (
				6BB8AFAD2CD87B2D003183AF /* kailan-team12 */,
				6BB8AFAC2CD87B2D003183AF /* Products */,
				ECB6E80856C13D5BBA0F7988 /* Pods */,
				ADB2C666F7660752FDAAC44B /* Frameworks */,
			);
			sourceTree = "<group>";
		};
		6BB8AFAC2CD87B2D003183AF /* Products */ = {
			isa = PBXGroup;
			children = (
				6BB8AFAB2CD87B2D003183AF /* kailan-team12.app */,
			);
			name = Products;
			sourceTree = "<group>";
		};
		6BB8AFAD2CD87B2D003183AF /* kailan-team12 */ = {
			isa = PBXGroup;
			children = (
				6BB8AFBE2CD918E4003183AF /* Views */,
				6BB8AFC92CD91B95003183AF /* DataRepository */,
				6BB8AFCD2CD91BD1003183AF /* Models */,
				6BB8AFBC2CD87B71003183AF /* TravelApp.swift */,
				6BB8AFD02CD91C8C003183AF /* GoogleService-Info.plist */,
				6BB8AFB22CD87B30003183AF /* Assets.xcassets */,
				6BB8AFB42CD87B30003183AF /* Preview Content */,
			);
			path = "kailan-team12";
			sourceTree = "<group>";
		};
		6BB8AFB42CD87B30003183AF /* Preview Content */ = {
			isa = PBXGroup;
			children = (
				6BB8AFD22CD91CD5003183AF /* Podfile */,
				6BB8AFB52CD87B30003183AF /* Preview Assets.xcassets */,
			);
			path = "Preview Content";
			sourceTree = "<group>";
		};
		6BB8AFBE2CD918E4003183AF /* Views */ = {
			isa = PBXGroup;
			children = (
				6BB8AFB02CD87B2D003183AF /* ContentView.swift */,
				6BB8AFBF2CD9195F003183AF /* TripCardView.swift */,
				6BB8AFC12CD91971003183AF /* MyTripsView.swift */,
				6BB8AFC32CD91985003183AF /* NewTripView.swift */,
				6BB8AFC52CD91997003183AF /* DateSelectionView.swift */,
				6BB8AFC72CD919AD003183AF /* TripDetailsView.swift */,
				6BB8AFDC2CD9CDB1003183AF /* DayView.swift */,
				6BB8AFDE2CDAB212003183AF /* LocationDetailView.swift */,
				6BB8AFE22CDAD189003183AF /* LocationHoursView.swift */,
				6BB8AFE42CDAD26D003183AF /* AddEventView.swift */,
				6BB8AFE62CDB226E003183AF /* TestView.swift */,
				6BB8AFE82CDC0675003183AF /* ItineraryView.swift */,
				6BB8AFEC2CDC0C94003183AF /* EventEditView.swift */,
			);
			path = Views;
			sourceTree = "<group>";
		};
		6BB8AFC92CD91B95003183AF /* DataRepository */ = {
			isa = PBXGroup;
			children = (
				6BB8AFCA2CD91BB3003183AF /* TripRepository.swift */,
				6BB8AFD42CD9C541003183AF /* LocationRepository.swift */,
			);
			path = DataRepository;
			sourceTree = "<group>";
		};
		6BB8AFCD2CD91BD1003183AF /* Models */ = {
			isa = PBXGroup;
			children = (
				6BB8AFCE2CD91BDF003183AF /* Trip.swift */,
				6BB8AFD62CD9C559003183AF /* Location.swift */,
				6BB8AFD82CD9C66B003183AF /* Day.swift */,
				6BB8AFDA2CD9C739003183AF /* Event.swift */,
			);
			path = Models;
			sourceTree = "<group>";
		};
		ADB2C666F7660752FDAAC44B /* Frameworks */ = {
			isa = PBXGroup;
			children = (
				DDBDF4D1D7F8785417799C8A /* Pods_kailan_team12.framework */,
			);
			name = Frameworks;
			sourceTree = "<group>";
		};
		ECB6E80856C13D5BBA0F7988 /* Pods */ = {
			isa = PBXGroup;
			children = (
				6AE1D02FDFC866C0C7CC85A8 /* Pods-kailan-team12.debug.xcconfig */,
				70156AFA9840537541186168 /* Pods-kailan-team12.release.xcconfig */,
			);
			path = Pods;
			sourceTree = "<group>";
		};
/* End PBXGroup section */

/* Begin PBXNativeTarget section */
		6BB8AFAA2CD87B2D003183AF /* kailan-team12 */ = {
			isa = PBXNativeTarget;
			buildConfigurationList = 6BB8AFB92CD87B30003183AF /* Build configuration list for PBXNativeTarget "kailan-team12" */;
			buildPhases = (
				2CFBA73E2852D9F0C4063EEE /* [CP] Check Pods Manifest.lock */,
				6BB8AFA72CD87B2D003183AF /* Sources */,
				6BB8AFA82CD87B2D003183AF /* Frameworks */,
				6BB8AFA92CD87B2D003183AF /* Resources */,
				D563AE271C12BB48CA2F79DB /* [CP] Embed Pods Frameworks */,
			);
			buildRules = (
			);
			dependencies = (
			);
			name = "kailan-team12";
			productName = "kailan-team12";
			productReference = 6BB8AFAB2CD87B2D003183AF /* kailan-team12.app */;
			productType = "com.apple.product-type.application";
		};
/* End PBXNativeTarget section */

/* Begin PBXProject section */
		6BB8AFA32CD87B2D003183AF /* Project object */ = {
			isa = PBXProject;
			attributes = {
				BuildIndependentTargetsInParallel = 1;
				LastSwiftUpdateCheck = 1520;
				LastUpgradeCheck = 1520;
				TargetAttributes = {
					6BB8AFAA2CD87B2D003183AF = {
						CreatedOnToolsVersion = 15.2;
					};
				};
			};
			buildConfigurationList = 6BB8AFA62CD87B2D003183AF /* Build configuration list for PBXProject "kailan-team12" */;
			compatibilityVersion = "Xcode 14.0";
			developmentRegion = en;
			hasScannedForEncodings = 0;
			knownRegions = (
				en,
				Base,
			);
			mainGroup = 6BB8AFA22CD87B2D003183AF;
			productRefGroup = 6BB8AFAC2CD87B2D003183AF /* Products */;
			projectDirPath = "";
			projectRoot = "";
			targets = (
				6BB8AFAA2CD87B2D003183AF /* kailan-team12 */,
			);
		};
/* End PBXProject section */

/* Begin PBXResourcesBuildPhase section */
		6BB8AFA92CD87B2D003183AF /* Resources */ = {
			isa = PBXResourcesBuildPhase;
			buildActionMask = 2147483647;
			files = (
				6BB8AFB62CD87B30003183AF /* Preview Assets.xcassets in Resources */,
				6BB8AFB32CD87B30003183AF /* Assets.xcassets in Resources */,
				6BB8AFD32CD91CD5003183AF /* Podfile in Resources */,
				6BB8AFD12CD91C8C003183AF /* GoogleService-Info.plist in Resources */,
			);
			runOnlyForDeploymentPostprocessing = 0;
		};
/* End PBXResourcesBuildPhase section */

/* Begin PBXShellScriptBuildPhase section */
		2CFBA73E2852D9F0C4063EEE /* [CP] Check Pods Manifest.lock */ = {
			isa = PBXShellScriptBuildPhase;
			buildActionMask = 2147483647;
			files = (
			);
			inputFileListPaths = (
			);
			inputPaths = (
				"${PODS_PODFILE_DIR_PATH}/Podfile.lock",
				"${PODS_ROOT}/Manifest.lock",
			);
			name = "[CP] Check Pods Manifest.lock";
			outputFileListPaths = (
			);
			outputPaths = (
				"$(DERIVED_FILE_DIR)/Pods-kailan-team12-checkManifestLockResult.txt",
			);
			runOnlyForDeploymentPostprocessing = 0;
			shellPath = /bin/sh;
			shellScript = "diff \"${PODS_PODFILE_DIR_PATH}/Podfile.lock\" \"${PODS_ROOT}/Manifest.lock\" > /dev/null\nif [ $? != 0 ] ; then\n    # print error to STDERR\n    echo \"error: The sandbox is not in sync with the Podfile.lock. Run 'pod install' or update your CocoaPods installation.\" >&2\n    exit 1\nfi\n# This output is used by Xcode 'outputs' to avoid re-running this script phase.\necho \"SUCCESS\" > \"${SCRIPT_OUTPUT_FILE_0}\"\n";
			showEnvVarsInLog = 0;
		};
		D563AE271C12BB48CA2F79DB /* [CP] Embed Pods Frameworks */ = {
			isa = PBXShellScriptBuildPhase;
			buildActionMask = 2147483647;
			files = (
			);
			inputFileListPaths = (
				"${PODS_ROOT}/Target Support Files/Pods-kailan-team12/Pods-kailan-team12-frameworks-${CONFIGURATION}-input-files.xcfilelist",
			);
			name = "[CP] Embed Pods Frameworks";
			outputFileListPaths = (
				"${PODS_ROOT}/Target Support Files/Pods-kailan-team12/Pods-kailan-team12-frameworks-${CONFIGURATION}-output-files.xcfilelist",
			);
			runOnlyForDeploymentPostprocessing = 0;
			shellPath = /bin/sh;
			shellScript = "\"${PODS_ROOT}/Target Support Files/Pods-kailan-team12/Pods-kailan-team12-frameworks.sh\"\n";
			showEnvVarsInLog = 0;
		};
/* End PBXShellScriptBuildPhase section */

/* Begin PBXSourcesBuildPhase section */
		6BB8AFA72CD87B2D003183AF /* Sources */ = {
			isa = PBXSourcesBuildPhase;
			buildActionMask = 2147483647;
			files = (
				6BB8AFC42CD91985003183AF /* NewTripView.swift in Sources */,
				6BB8AFD72CD9C559003183AF /* Location.swift in Sources */,
				6BB8AFD92CD9C66B003183AF /* Day.swift in Sources */,
				6BB8AFC62CD91997003183AF /* DateSelectionView.swift in Sources */,
				6BB8AFB12CD87B2D003183AF /* ContentView.swift in Sources */,
				6BB8AFCF2CD91BDF003183AF /* Trip.swift in Sources */,
				6BB8AFE72CDB226E003183AF /* TestView.swift in Sources */,
				6BB8AFBD2CD87B71003183AF /* TravelApp.swift in Sources */,
				6BB8AFE92CDC0676003183AF /* ItineraryView.swift in Sources */,
				6BB8AFE32CDAD189003183AF /* LocationHoursView.swift in Sources */,
				6BB8AFDD2CD9CDB1003183AF /* DayView.swift in Sources */,
				6BB8AFDF2CDAB212003183AF /* LocationDetailView.swift in Sources */,
				6BB8AFE52CDAD26D003183AF /* AddEventView.swift in Sources */,
				6BB8AFED2CDC0C94003183AF /* EventEditView.swift in Sources */,
				6BB8AFC02CD9195F003183AF /* TripCardView.swift in Sources */,
				6BB8AFD52CD9C542003183AF /* LocationRepository.swift in Sources */,
				6BB8AFC22CD91971003183AF /* MyTripsView.swift in Sources */,
				6BB8AFCB2CD91BB3003183AF /* TripRepository.swift in Sources */,
				6BB8AFC82CD919AD003183AF /* TripDetailsView.swift in Sources */,
				6BB8AFDB2CD9C739003183AF /* Event.swift in Sources */,
			);
			runOnlyForDeploymentPostprocessing = 0;
		};
/* End PBXSourcesBuildPhase section */

/* Begin XCBuildConfiguration section */
		6BB8AFB72CD87B30003183AF /* Debug */ = {
			isa = XCBuildConfiguration;
			buildSettings = {
				ALWAYS_SEARCH_USER_PATHS = NO;
				ASSETCATALOG_COMPILER_GENERATE_SWIFT_ASSET_SYMBOL_EXTENSIONS = YES;
				CLANG_ANALYZER_NONNULL = YES;
				CLANG_ANALYZER_NUMBER_OBJECT_CONVERSION = YES_AGGRESSIVE;
				CLANG_CXX_LANGUAGE_STANDARD = "gnu++20";
				CLANG_ENABLE_MODULES = YES;
				CLANG_ENABLE_OBJC_ARC = YES;
				CLANG_ENABLE_OBJC_WEAK = YES;
				CLANG_WARN_BLOCK_CAPTURE_AUTORELEASING = YES;
				CLANG_WARN_BOOL_CONVERSION = YES;
				CLANG_WARN_COMMA = YES;
				CLANG_WARN_CONSTANT_CONVERSION = YES;
				CLANG_WARN_DEPRECATED_OBJC_IMPLEMENTATIONS = YES;
				CLANG_WARN_DIRECT_OBJC_ISA_USAGE = YES_ERROR;
				CLANG_WARN_DOCUMENTATION_COMMENTS = YES;
				CLANG_WARN_EMPTY_BODY = YES;
				CLANG_WARN_ENUM_CONVERSION = YES;
				CLANG_WARN_INFINITE_RECURSION = YES;
				CLANG_WARN_INT_CONVERSION = YES;
				CLANG_WARN_NON_LITERAL_NULL_CONVERSION = YES;
				CLANG_WARN_OBJC_IMPLICIT_RETAIN_SELF = YES;
				CLANG_WARN_OBJC_LITERAL_CONVERSION = YES;
				CLANG_WARN_OBJC_ROOT_CLASS = YES_ERROR;
				CLANG_WARN_QUOTED_INCLUDE_IN_FRAMEWORK_HEADER = YES;
				CLANG_WARN_RANGE_LOOP_ANALYSIS = YES;
				CLANG_WARN_STRICT_PROTOTYPES = YES;
				CLANG_WARN_SUSPICIOUS_MOVE = YES;
				CLANG_WARN_UNGUARDED_AVAILABILITY = YES_AGGRESSIVE;
				CLANG_WARN_UNREACHABLE_CODE = YES;
				CLANG_WARN__DUPLICATE_METHOD_MATCH = YES;
				COPY_PHASE_STRIP = NO;
				DEBUG_INFORMATION_FORMAT = dwarf;
				ENABLE_STRICT_OBJC_MSGSEND = YES;
				ENABLE_TESTABILITY = YES;
				ENABLE_USER_SCRIPT_SANDBOXING = YES;
				GCC_C_LANGUAGE_STANDARD = gnu17;
				GCC_DYNAMIC_NO_PIC = NO;
				GCC_NO_COMMON_BLOCKS = YES;
				GCC_OPTIMIZATION_LEVEL = 0;
				GCC_PREPROCESSOR_DEFINITIONS = (
					"DEBUG=1",
					"$(inherited)",
				);
				GCC_WARN_64_TO_32_BIT_CONVERSION = YES;
				GCC_WARN_ABOUT_RETURN_TYPE = YES_ERROR;
				GCC_WARN_UNDECLARED_SELECTOR = YES;
				GCC_WARN_UNINITIALIZED_AUTOS = YES_AGGRESSIVE;
				GCC_WARN_UNUSED_FUNCTION = YES;
				GCC_WARN_UNUSED_VARIABLE = YES;
				IPHONEOS_DEPLOYMENT_TARGET = 17.2;
				LOCALIZATION_PREFERS_STRING_CATALOGS = YES;
				MTL_ENABLE_DEBUG_INFO = INCLUDE_SOURCE;
				MTL_FAST_MATH = YES;
				ONLY_ACTIVE_ARCH = YES;
				SDKROOT = iphoneos;
				SWIFT_ACTIVE_COMPILATION_CONDITIONS = "DEBUG $(inherited)";
				SWIFT_OPTIMIZATION_LEVEL = "-Onone";
			};
			name = Debug;
		};
		6BB8AFB82CD87B30003183AF /* Release */ = {
			isa = XCBuildConfiguration;
			buildSettings = {
				ALWAYS_SEARCH_USER_PATHS = NO;
				ASSETCATALOG_COMPILER_GENERATE_SWIFT_ASSET_SYMBOL_EXTENSIONS = YES;
				CLANG_ANALYZER_NONNULL = YES;
				CLANG_ANALYZER_NUMBER_OBJECT_CONVERSION = YES_AGGRESSIVE;
				CLANG_CXX_LANGUAGE_STANDARD = "gnu++20";
				CLANG_ENABLE_MODULES = YES;
				CLANG_ENABLE_OBJC_ARC = YES;
				CLANG_ENABLE_OBJC_WEAK = YES;
				CLANG_WARN_BLOCK_CAPTURE_AUTORELEASING = YES;
				CLANG_WARN_BOOL_CONVERSION = YES;
				CLANG_WARN_COMMA = YES;
				CLANG_WARN_CONSTANT_CONVERSION = YES;
				CLANG_WARN_DEPRECATED_OBJC_IMPLEMENTATIONS = YES;
				CLANG_WARN_DIRECT_OBJC_ISA_USAGE = YES_ERROR;
				CLANG_WARN_DOCUMENTATION_COMMENTS = YES;
				CLANG_WARN_EMPTY_BODY = YES;
				CLANG_WARN_ENUM_CONVERSION = YES;
				CLANG_WARN_INFINITE_RECURSION = YES;
				CLANG_WARN_INT_CONVERSION = YES;
				CLANG_WARN_NON_LITERAL_NULL_CONVERSION = YES;
				CLANG_WARN_OBJC_IMPLICIT_RETAIN_SELF = YES;
				CLANG_WARN_OBJC_LITERAL_CONVERSION = YES;
				CLANG_WARN_OBJC_ROOT_CLASS = YES_ERROR;
				CLANG_WARN_QUOTED_INCLUDE_IN_FRAMEWORK_HEADER = YES;
				CLANG_WARN_RANGE_LOOP_ANALYSIS = YES;
				CLANG_WARN_STRICT_PROTOTYPES = YES;
				CLANG_WARN_SUSPICIOUS_MOVE = YES;
				CLANG_WARN_UNGUARDED_AVAILABILITY = YES_AGGRESSIVE;
				CLANG_WARN_UNREACHABLE_CODE = YES;
				CLANG_WARN__DUPLICATE_METHOD_MATCH = YES;
				COPY_PHASE_STRIP = NO;
				DEBUG_INFORMATION_FORMAT = "dwarf-with-dsym";
				ENABLE_NS_ASSERTIONS = NO;
				ENABLE_STRICT_OBJC_MSGSEND = YES;
				ENABLE_USER_SCRIPT_SANDBOXING = YES;
				GCC_C_LANGUAGE_STANDARD = gnu17;
				GCC_NO_COMMON_BLOCKS = YES;
				GCC_WARN_64_TO_32_BIT_CONVERSION = YES;
				GCC_WARN_ABOUT_RETURN_TYPE = YES_ERROR;
				GCC_WARN_UNDECLARED_SELECTOR = YES;
				GCC_WARN_UNINITIALIZED_AUTOS = YES_AGGRESSIVE;
				GCC_WARN_UNUSED_FUNCTION = YES;
				GCC_WARN_UNUSED_VARIABLE = YES;
				IPHONEOS_DEPLOYMENT_TARGET = 17.2;
				LOCALIZATION_PREFERS_STRING_CATALOGS = YES;
				MTL_ENABLE_DEBUG_INFO = NO;
				MTL_FAST_MATH = YES;
				SDKROOT = iphoneos;
				SWIFT_COMPILATION_MODE = wholemodule;
				VALIDATE_PRODUCT = YES;
			};
			name = Release;
		};
		6BB8AFBA2CD87B30003183AF /* Debug */ = {
			isa = XCBuildConfiguration;
			baseConfigurationReference = 6AE1D02FDFC866C0C7CC85A8 /* Pods-kailan-team12.debug.xcconfig */;
			buildSettings = {
				ASSETCATALOG_COMPILER_APPICON_NAME = AppIcon;
				ASSETCATALOG_COMPILER_GLOBAL_ACCENT_COLOR_NAME = AccentColor;
				CODE_SIGN_STYLE = Automatic;
				CURRENT_PROJECT_VERSION = 1;
				DEVELOPMENT_ASSET_PATHS = "\"kailan-team12/Preview Content\"";
				ENABLE_PREVIEWS = YES;
				ENABLE_USER_SCRIPT_SANDBOXING = NO;
				GENERATE_INFOPLIST_FILE = YES;
				INFOPLIST_KEY_UIApplicationSceneManifest_Generation = YES;
				INFOPLIST_KEY_UIApplicationSupportsIndirectInputEvents = YES;
				INFOPLIST_KEY_UILaunchScreen_Generation = YES;
				INFOPLIST_KEY_UISupportedInterfaceOrientations_iPad = "UIInterfaceOrientationPortrait UIInterfaceOrientationPortraitUpsideDown UIInterfaceOrientationLandscapeLeft UIInterfaceOrientationLandscapeRight";
				INFOPLIST_KEY_UISupportedInterfaceOrientations_iPhone = "UIInterfaceOrientationPortrait UIInterfaceOrientationLandscapeLeft UIInterfaceOrientationLandscapeRight";
				LD_RUNPATH_SEARCH_PATHS = (
					"$(inherited)",
					"@executable_path/Frameworks",
				);
				MARKETING_VERSION = 1.0;
				PRODUCT_BUNDLE_IDENTIFIER = "test1.kailan-team12";
				PRODUCT_NAME = "$(TARGET_NAME)";
				SWIFT_EMIT_LOC_STRINGS = YES;
				SWIFT_VERSION = 5.0;
				TARGETED_DEVICE_FAMILY = "1,2";
			};
			name = Debug;
		};
		6BB8AFBB2CD87B30003183AF /* Release */ = {
			isa = XCBuildConfiguration;
			baseConfigurationReference = 70156AFA9840537541186168 /* Pods-kailan-team12.release.xcconfig */;
			buildSettings = {
				ASSETCATALOG_COMPILER_APPICON_NAME = AppIcon;
				ASSETCATALOG_COMPILER_GLOBAL_ACCENT_COLOR_NAME = AccentColor;
				CODE_SIGN_STYLE = Automatic;
				CURRENT_PROJECT_VERSION = 1;
				DEVELOPMENT_ASSET_PATHS = "\"kailan-team12/Preview Content\"";
				ENABLE_PREVIEWS = YES;
				ENABLE_USER_SCRIPT_SANDBOXING = NO;
				GENERATE_INFOPLIST_FILE = YES;
				INFOPLIST_KEY_UIApplicationSceneManifest_Generation = YES;
				INFOPLIST_KEY_UIApplicationSupportsIndirectInputEvents = YES;
				INFOPLIST_KEY_UILaunchScreen_Generation = YES;
				INFOPLIST_KEY_UISupportedInterfaceOrientations_iPad = "UIInterfaceOrientationPortrait UIInterfaceOrientationPortraitUpsideDown UIInterfaceOrientationLandscapeLeft UIInterfaceOrientationLandscapeRight";
				INFOPLIST_KEY_UISupportedInterfaceOrientations_iPhone = "UIInterfaceOrientationPortrait UIInterfaceOrientationLandscapeLeft UIInterfaceOrientationLandscapeRight";
				LD_RUNPATH_SEARCH_PATHS = (
					"$(inherited)",
					"@executable_path/Frameworks",
				);
				MARKETING_VERSION = 1.0;
				PRODUCT_BUNDLE_IDENTIFIER = "test1.kailan-team12";
				PRODUCT_NAME = "$(TARGET_NAME)";
				SWIFT_EMIT_LOC_STRINGS = YES;
				SWIFT_VERSION = 5.0;
				TARGETED_DEVICE_FAMILY = "1,2";
			};
			name = Release;
		};
/* End XCBuildConfiguration section */

/* Begin XCConfigurationList section */
		6BB8AFA62CD87B2D003183AF /* Build configuration list for PBXProject "kailan-team12" */ = {
			isa = XCConfigurationList;
			buildConfigurations = (
				6BB8AFB72CD87B30003183AF /* Debug */,
				6BB8AFB82CD87B30003183AF /* Release */,
			);
			defaultConfigurationIsVisible = 0;
			defaultConfigurationName = Release;
		};
		6BB8AFB92CD87B30003183AF /* Build configuration list for PBXNativeTarget "kailan-team12" */ = {
			isa = XCConfigurationList;
			buildConfigurations = (
				6BB8AFBA2CD87B30003183AF /* Debug */,
				6BB8AFBB2CD87B30003183AF /* Release */,
			);
			defaultConfigurationIsVisible = 0;
			defaultConfigurationName = Release;
		};
/* End XCConfigurationList section */
	};
	rootObject = 6BB8AFA32CD87B2D003183AF /* Project object */;
}
