// !$*UTF8*$!
{
	archiveVersion = 1;
	classes = {
	};
	objectVersion = 70;
	objects = {

/* Begin PBXBuildFile section */
		3715B0CD2CF44BF800013644 /* Comment.swift in Sources */ = {isa = PBXBuildFile; fileRef = 3715B0CC2CF44BF600013644 /* Comment.swift */; };
		3715B0D52CF531CA00013644 /* CustomTextEditor.swift in Sources */ = {isa = PBXBuildFile; fileRef = 3715B0D42CF531C600013644 /* CustomTextEditor.swift */; };
		3715B0D72CFC32EF00013644 /* FirebaseStorage in Frameworks */ = {isa = PBXBuildFile; productRef = 3715B0D62CFC32EF00013644 /* FirebaseStorage */; };
		3715B0D92CFC331000013644 /* FirebaseStorageCombine-Community in Frameworks */ = {isa = PBXBuildFile; productRef = 3715B0D82CFC331000013644 /* FirebaseStorageCombine-Community */; };
		3715B0EB2CFF9B7800013644 /* UserRepository.swift in Sources */ = {isa = PBXBuildFile; fileRef = 3715B0EA2CFF9B7400013644 /* UserRepository.swift */; };
		3715B0FE2CFF9DC900013644 /* SplashView.swift in Sources */ = {isa = PBXBuildFile; fileRef = 3715B0FD2CFF9DC500013644 /* SplashView.swift */; };
		37B588ED2CDBED2800C44206 /* GoogleService-Info.plist in Resources */ = {isa = PBXBuildFile; fileRef = 37B588EC2CDBED2800C44206 /* GoogleService-Info.plist */; };
		37BC41BF2CD1911B007AA26B /* TravelApp.swift in Sources */ = {isa = PBXBuildFile; fileRef = 37BC41BE2CD1911B007AA26B /* TravelApp.swift */; };
		37BC41C12CD1911B007AA26B /* ContentView.swift in Sources */ = {isa = PBXBuildFile; fileRef = 37BC41C02CD1911B007AA26B /* ContentView.swift */; };
		37BC41C32CD1911C007AA26B /* Assets.xcassets in Resources */ = {isa = PBXBuildFile; fileRef = 37BC41C22CD1911C007AA26B /* Assets.xcassets */; };
		37BC41C62CD1911C007AA26B /* Preview Assets.xcassets in Resources */ = {isa = PBXBuildFile; fileRef = 37BC41C52CD1911C007AA26B /* Preview Assets.xcassets */; };
		37BC41D02CD19183007AA26B /* FirebaseCore in Frameworks */ = {isa = PBXBuildFile; productRef = 37BC41CF2CD19183007AA26B /* FirebaseCore */; };
		37BC41D22CD19183007AA26B /* FirebaseFirestore in Frameworks */ = {isa = PBXBuildFile; productRef = 37BC41D12CD19183007AA26B /* FirebaseFirestore */; };
		37BC41D52CD191A1007AA26B /* Trip.swift in Sources */ = {isa = PBXBuildFile; fileRef = 37BC41D42CD191A1007AA26B /* Trip.swift */; };
		37BC41D92CD192CE007AA26B /* TripRepository.swift in Sources */ = {isa = PBXBuildFile; fileRef = 37BC41D82CD192CE007AA26B /* TripRepository.swift */; };
		98DF07012CD5EAA400694B97 /* Day.swift in Sources */ = {isa = PBXBuildFile; fileRef = 98DF07002CD5EAA400694B97 /* Day.swift */; };
		98DF07032CD5EABE00694B97 /* Event.swift in Sources */ = {isa = PBXBuildFile; fileRef = 98DF07022CD5EABE00694B97 /* Event.swift */; };
		98DF07072CD5EB1B00694B97 /* User.swift in Sources */ = {isa = PBXBuildFile; fileRef = 98DF07062CD5EB1B00694B97 /* User.swift */; };
		98DF07092CD5EB2C00694B97 /* SimpleUser.swift in Sources */ = {isa = PBXBuildFile; fileRef = 98DF07082CD5EB2C00694B97 /* SimpleUser.swift */; };
		98DF070B2CD5EB5600694B97 /* Post.swift in Sources */ = {isa = PBXBuildFile; fileRef = 98DF070A2CD5EB5600694B97 /* Post.swift */; };
		98DF070D2CD5EB5E00694B97 /* Location.swift in Sources */ = {isa = PBXBuildFile; fileRef = 98DF070C2CD5EB5E00694B97 /* Location.swift */; };
		98DF070F2CD5EB9B00694B97 /* PostRepository.swift in Sources */ = {isa = PBXBuildFile; fileRef = 98DF070E2CD5EB9B00694B97 /* PostRepository.swift */; };
		98DF07112CD5EBB800694B97 /* LocationRepository.swift in Sources */ = {isa = PBXBuildFile; fileRef = 98DF07102CD5EBB800694B97 /* LocationRepository.swift */; };
/* End PBXBuildFile section */

/* Begin PBXContainerItemProxy section */
		981007E32CFFEA43007D3ACC /* PBXContainerItemProxy */ = {
			isa = PBXContainerItemProxy;
			containerPortal = 37BC41B32CD1911B007AA26B /* Project object */;
			proxyType = 1;
			remoteGlobalIDString = 37BC41BA2CD1911B007AA26B;
			remoteInfo = Travel;
		};
/* End PBXContainerItemProxy section */

/* Begin PBXFileReference section */
		3715B0CC2CF44BF600013644 /* Comment.swift */ = {isa = PBXFileReference; lastKnownFileType = sourcecode.swift; path = Comment.swift; sourceTree = "<group>"; };
		3715B0D42CF531C600013644 /* CustomTextEditor.swift */ = {isa = PBXFileReference; lastKnownFileType = sourcecode.swift; path = CustomTextEditor.swift; sourceTree = "<group>"; };
		3715B0EA2CFF9B7400013644 /* UserRepository.swift */ = {isa = PBXFileReference; lastKnownFileType = sourcecode.swift; path = UserRepository.swift; sourceTree = "<group>"; };
		3715B0FD2CFF9DC500013644 /* SplashView.swift */ = {isa = PBXFileReference; lastKnownFileType = sourcecode.swift; path = SplashView.swift; sourceTree = "<group>"; };
		3715B1022CFF9FBD00013644 /* Info.plist */ = {isa = PBXFileReference; lastKnownFileType = text.plist; path = Info.plist; sourceTree = "<group>"; };
		37B588EC2CDBED2800C44206 /* GoogleService-Info.plist */ = {isa = PBXFileReference; fileEncoding = 4; lastKnownFileType = text.plist.xml; path = "GoogleService-Info.plist"; sourceTree = "<group>"; };
		37BC41BB2CD1911B007AA26B /* Travel.app */ = {isa = PBXFileReference; explicitFileType = wrapper.application; includeInIndex = 0; path = Travel.app; sourceTree = BUILT_PRODUCTS_DIR; };
		37BC41BE2CD1911B007AA26B /* TravelApp.swift */ = {isa = PBXFileReference; lastKnownFileType = sourcecode.swift; path = TravelApp.swift; sourceTree = "<group>"; };
		37BC41C02CD1911B007AA26B /* ContentView.swift */ = {isa = PBXFileReference; lastKnownFileType = sourcecode.swift; path = ContentView.swift; sourceTree = "<group>"; };
		37BC41C22CD1911C007AA26B /* Assets.xcassets */ = {isa = PBXFileReference; lastKnownFileType = folder.assetcatalog; path = Assets.xcassets; sourceTree = "<group>"; };
		37BC41C52CD1911C007AA26B /* Preview Assets.xcassets */ = {isa = PBXFileReference; lastKnownFileType = folder.assetcatalog; path = "Preview Assets.xcassets"; sourceTree = "<group>"; };
		37BC41D42CD191A1007AA26B /* Trip.swift */ = {isa = PBXFileReference; lastKnownFileType = sourcecode.swift; path = Trip.swift; sourceTree = "<group>"; };
		37BC41D82CD192CE007AA26B /* TripRepository.swift */ = {isa = PBXFileReference; lastKnownFileType = sourcecode.swift; path = TripRepository.swift; sourceTree = "<group>"; };
		981007DF2CFFEA43007D3ACC /* TravelTests.xctest */ = {isa = PBXFileReference; explicitFileType = wrapper.cfbundle; includeInIndex = 0; path = TravelTests.xctest; sourceTree = BUILT_PRODUCTS_DIR; };
		98DF07002CD5EAA400694B97 /* Day.swift */ = {isa = PBXFileReference; lastKnownFileType = sourcecode.swift; path = Day.swift; sourceTree = "<group>"; };
		98DF07022CD5EABE00694B97 /* Event.swift */ = {isa = PBXFileReference; lastKnownFileType = sourcecode.swift; path = Event.swift; sourceTree = "<group>"; };
		98DF07062CD5EB1B00694B97 /* User.swift */ = {isa = PBXFileReference; lastKnownFileType = sourcecode.swift; path = User.swift; sourceTree = "<group>"; };
		98DF07082CD5EB2C00694B97 /* SimpleUser.swift */ = {isa = PBXFileReference; lastKnownFileType = sourcecode.swift; path = SimpleUser.swift; sourceTree = "<group>"; };
		98DF070A2CD5EB5600694B97 /* Post.swift */ = {isa = PBXFileReference; lastKnownFileType = sourcecode.swift; path = Post.swift; sourceTree = "<group>"; };
		98DF070C2CD5EB5E00694B97 /* Location.swift */ = {isa = PBXFileReference; lastKnownFileType = sourcecode.swift; path = Location.swift; sourceTree = "<group>"; };
		98DF070E2CD5EB9B00694B97 /* PostRepository.swift */ = {isa = PBXFileReference; lastKnownFileType = sourcecode.swift; path = PostRepository.swift; sourceTree = "<group>"; };
		98DF07102CD5EBB800694B97 /* LocationRepository.swift */ = {isa = PBXFileReference; lastKnownFileType = sourcecode.swift; path = LocationRepository.swift; sourceTree = "<group>"; };
/* End PBXFileReference section */

/* Begin PBXFileSystemSynchronizedRootGroup section */
		3715B1002CFF9EDD00013644 /* Font */ = {isa = PBXFileSystemSynchronizedRootGroup; explicitFileTypes = {}; explicitFolders = (); path = Font; sourceTree = "<group>"; };
		981007E02CFFEA43007D3ACC /* TravelTests */ = {isa = PBXFileSystemSynchronizedRootGroup; explicitFileTypes = {}; explicitFolders = (); path = TravelTests; sourceTree = "<group>"; };
		98BA56762D0B49BC00C38D3D /* TripViews */ = {isa = PBXFileSystemSynchronizedRootGroup; explicitFileTypes = {}; explicitFolders = (); path = TripViews; sourceTree = "<group>"; };
		98BA56772D0B49CC00C38D3D /* MeViews */ = {isa = PBXFileSystemSynchronizedRootGroup; explicitFileTypes = {}; explicitFolders = (); path = MeViews; sourceTree = "<group>"; };
		98BA56782D0B49D300C38D3D /* FriendViews */ = {isa = PBXFileSystemSynchronizedRootGroup; explicitFileTypes = {}; explicitFolders = (); path = FriendViews; sourceTree = "<group>"; };
		98BA56792D0B49D900C38D3D /* PostViews */ = {isa = PBXFileSystemSynchronizedRootGroup; explicitFileTypes = {}; explicitFolders = (); path = PostViews; sourceTree = "<group>"; };
/* End PBXFileSystemSynchronizedRootGroup section */

/* Begin PBXFrameworksBuildPhase section */
		37BC41B82CD1911B007AA26B /* Frameworks */ = {
			isa = PBXFrameworksBuildPhase;
			buildActionMask = 2147483647;
			files = (
				37BC41D02CD19183007AA26B /* FirebaseCore in Frameworks */,
				37BC41D22CD19183007AA26B /* FirebaseFirestore in Frameworks */,
				3715B0D92CFC331000013644 /* FirebaseStorageCombine-Community in Frameworks */,
				3715B0D72CFC32EF00013644 /* FirebaseStorage in Frameworks */,
			);
			runOnlyForDeploymentPostprocessing = 0;
		};
		981007DC2CFFEA43007D3ACC /* Frameworks */ = {
			isa = PBXFrameworksBuildPhase;
			buildActionMask = 2147483647;
			files = (
			);
			runOnlyForDeploymentPostprocessing = 0;
		};
/* End PBXFrameworksBuildPhase section */

/* Begin PBXGroup section */
		37BC41B22CD1911B007AA26B = {
			isa = PBXGroup;
			children = (
				37BC41BD2CD1911B007AA26B /* Travel */,
				981007E02CFFEA43007D3ACC /* TravelTests */,
				37BC41BC2CD1911B007AA26B /* Products */,
			);
			sourceTree = "<group>";
		};
		37BC41BC2CD1911B007AA26B /* Products */ = {
			isa = PBXGroup;
			children = (
				37BC41BB2CD1911B007AA26B /* Travel.app */,
				981007DF2CFFEA43007D3ACC /* TravelTests.xctest */,
			);
			name = Products;
			sourceTree = "<group>";
		};
		37BC41BD2CD1911B007AA26B /* Travel */ = {
			isa = PBXGroup;
			children = (
				3715B1022CFF9FBD00013644 /* Info.plist */,
				3715B1002CFF9EDD00013644 /* Font */,
				3715B0D42CF531C600013644 /* CustomTextEditor.swift */,
				37B588EC2CDBED2800C44206 /* GoogleService-Info.plist */,
				37BC41DA2CD19455007AA26B /* Views */,
				37BC41D72CD192BB007AA26B /* DataRepository */,
				37BC41D32CD19199007AA26B /* Models */,
				37BC41BE2CD1911B007AA26B /* TravelApp.swift */,
				37BC41C22CD1911C007AA26B /* Assets.xcassets */,
				37BC41C42CD1911C007AA26B /* Preview Content */,
			);
			path = Travel;
			sourceTree = "<group>";
		};
		37BC41C42CD1911C007AA26B /* Preview Content */ = {
			isa = PBXGroup;
			children = (
				37BC41C52CD1911C007AA26B /* Preview Assets.xcassets */,
			);
			path = "Preview Content";
			sourceTree = "<group>";
		};
		37BC41D32CD19199007AA26B /* Models */ = {
			isa = PBXGroup;
			children = (
				3715B0CC2CF44BF600013644 /* Comment.swift */,
				37BC41D42CD191A1007AA26B /* Trip.swift */,
				98DF07002CD5EAA400694B97 /* Day.swift */,
				98DF07022CD5EABE00694B97 /* Event.swift */,
				98DF07062CD5EB1B00694B97 /* User.swift */,
				98DF070A2CD5EB5600694B97 /* Post.swift */,
				98DF070C2CD5EB5E00694B97 /* Location.swift */,
				98DF07082CD5EB2C00694B97 /* SimpleUser.swift */,
			);
			path = Models;
			sourceTree = "<group>";
		};
		37BC41D72CD192BB007AA26B /* DataRepository */ = {
			isa = PBXGroup;
			children = (
				3715B0EA2CFF9B7400013644 /* UserRepository.swift */,
				37BC41D82CD192CE007AA26B /* TripRepository.swift */,
				98DF070E2CD5EB9B00694B97 /* PostRepository.swift */,
				98DF07102CD5EBB800694B97 /* LocationRepository.swift */,
			);
			path = DataRepository;
			sourceTree = "<group>";
		};
		37BC41DA2CD19455007AA26B /* Views */ = {
			isa = PBXGroup;
			children = (
				98BA56792D0B49D900C38D3D /* PostViews */,
				98BA56782D0B49D300C38D3D /* FriendViews */,
				98BA56772D0B49CC00C38D3D /* MeViews */,
				98BA56762D0B49BC00C38D3D /* TripViews */,
				37BC41C02CD1911B007AA26B /* ContentView.swift */,
				3715B0FD2CFF9DC500013644 /* SplashView.swift */,
			);
			path = Views;
			sourceTree = "<group>";
		};
/* End PBXGroup section */

/* Begin PBXNativeTarget section */
		37BC41BA2CD1911B007AA26B /* Travel */ = {
			isa = PBXNativeTarget;
			buildConfigurationList = 37BC41C92CD1911C007AA26B /* Build configuration list for PBXNativeTarget "Travel" */;
			buildPhases = (
				37BC41B72CD1911B007AA26B /* Sources */,
				37BC41B82CD1911B007AA26B /* Frameworks */,
				37BC41B92CD1911B007AA26B /* Resources */,
			);
			buildRules = (
			);
			dependencies = (
			);
			fileSystemSynchronizedGroups = (
				3715B1002CFF9EDD00013644 /* Font */,
				98BA56762D0B49BC00C38D3D /* TripViews */,
				98BA56772D0B49CC00C38D3D /* MeViews */,
				98BA56782D0B49D300C38D3D /* FriendViews */,
				98BA56792D0B49D900C38D3D /* PostViews */,
			);
			name = Travel;
			packageProductDependencies = (
				37BC41CF2CD19183007AA26B /* FirebaseCore */,
				37BC41D12CD19183007AA26B /* FirebaseFirestore */,
				3715B0D62CFC32EF00013644 /* FirebaseStorage */,
				3715B0D82CFC331000013644 /* FirebaseStorageCombine-Community */,
			);
			productName = Travel;
			productReference = 37BC41BB2CD1911B007AA26B /* Travel.app */;
			productType = "com.apple.product-type.application";
		};
		981007DE2CFFEA43007D3ACC /* TravelTests */ = {
			isa = PBXNativeTarget;
			buildConfigurationList = 981007E52CFFEA43007D3ACC /* Build configuration list for PBXNativeTarget "TravelTests" */;
			buildPhases = (
				981007DB2CFFEA43007D3ACC /* Sources */,
				981007DC2CFFEA43007D3ACC /* Frameworks */,
				981007DD2CFFEA43007D3ACC /* Resources */,
			);
			buildRules = (
			);
			dependencies = (
				981007E42CFFEA43007D3ACC /* PBXTargetDependency */,
			);
			fileSystemSynchronizedGroups = (
				981007E02CFFEA43007D3ACC /* TravelTests */,
			);
			name = TravelTests;
			packageProductDependencies = (
			);
			productName = TravelTests;
			productReference = 981007DF2CFFEA43007D3ACC /* TravelTests.xctest */;
			productType = "com.apple.product-type.bundle.unit-test";
		};
/* End PBXNativeTarget section */

/* Begin PBXProject section */
		37BC41B32CD1911B007AA26B /* Project object */ = {
			isa = PBXProject;
			attributes = {
				BuildIndependentTargetsInParallel = 1;
				LastSwiftUpdateCheck = 1610;
				LastUpgradeCheck = 1540;
				TargetAttributes = {
					37BC41BA2CD1911B007AA26B = {
						CreatedOnToolsVersion = 15.4;
					};
					981007DE2CFFEA43007D3ACC = {
						CreatedOnToolsVersion = 16.1;
						TestTargetID = 37BC41BA2CD1911B007AA26B;
					};
				};
			};
			buildConfigurationList = 37BC41B62CD1911B007AA26B /* Build configuration list for PBXProject "Travel" */;
			compatibilityVersion = "Xcode 14.0";
			developmentRegion = en;
			hasScannedForEncodings = 0;
			knownRegions = (
				en,
				Base,
			);
			mainGroup = 37BC41B22CD1911B007AA26B;
			packageReferences = (
				37BC41CE2CD19183007AA26B /* XCRemoteSwiftPackageReference "firebase-ios-sdk" */,
			);
			productRefGroup = 37BC41BC2CD1911B007AA26B /* Products */;
			projectDirPath = "";
			projectRoot = "";
			targets = (
				37BC41BA2CD1911B007AA26B /* Travel */,
				981007DE2CFFEA43007D3ACC /* TravelTests */,
			);
		};
/* End PBXProject section */

/* Begin PBXResourcesBuildPhase section */
		37BC41B92CD1911B007AA26B /* Resources */ = {
			isa = PBXResourcesBuildPhase;
			buildActionMask = 2147483647;
			files = (
				37BC41C62CD1911C007AA26B /* Preview Assets.xcassets in Resources */,
				37BC41C32CD1911C007AA26B /* Assets.xcassets in Resources */,
				37B588ED2CDBED2800C44206 /* GoogleService-Info.plist in Resources */,
			);
			runOnlyForDeploymentPostprocessing = 0;
		};
		981007DD2CFFEA43007D3ACC /* Resources */ = {
			isa = PBXResourcesBuildPhase;
			buildActionMask = 2147483647;
			files = (
			);
			runOnlyForDeploymentPostprocessing = 0;
		};
/* End PBXResourcesBuildPhase section */

/* Begin PBXSourcesBuildPhase section */
		37BC41B72CD1911B007AA26B /* Sources */ = {
			isa = PBXSourcesBuildPhase;
			buildActionMask = 2147483647;
			files = (
				98DF07072CD5EB1B00694B97 /* User.swift in Sources */,
				98DF070D2CD5EB5E00694B97 /* Location.swift in Sources */,
				3715B0D52CF531CA00013644 /* CustomTextEditor.swift in Sources */,
				98DF07032CD5EABE00694B97 /* Event.swift in Sources */,
				3715B0FE2CFF9DC900013644 /* SplashView.swift in Sources */,
				37BC41D52CD191A1007AA26B /* Trip.swift in Sources */,
				37BC41C12CD1911B007AA26B /* ContentView.swift in Sources */,
				98DF07092CD5EB2C00694B97 /* SimpleUser.swift in Sources */,
				3715B0CD2CF44BF800013644 /* Comment.swift in Sources */,
				98DF070B2CD5EB5600694B97 /* Post.swift in Sources */,
				98DF07112CD5EBB800694B97 /* LocationRepository.swift in Sources */,
				37BC41D92CD192CE007AA26B /* TripRepository.swift in Sources */,
				37BC41BF2CD1911B007AA26B /* TravelApp.swift in Sources */,
				98DF07012CD5EAA400694B97 /* Day.swift in Sources */,
				3715B0EB2CFF9B7800013644 /* UserRepository.swift in Sources */,
				98DF070F2CD5EB9B00694B97 /* PostRepository.swift in Sources */,
			);
			runOnlyForDeploymentPostprocessing = 0;
		};
		981007DB2CFFEA43007D3ACC /* Sources */ = {
			isa = PBXSourcesBuildPhase;
			buildActionMask = 2147483647;
			files = (
			);
			runOnlyForDeploymentPostprocessing = 0;
		};
/* End PBXSourcesBuildPhase section */

/* Begin PBXTargetDependency section */
		981007E42CFFEA43007D3ACC /* PBXTargetDependency */ = {
			isa = PBXTargetDependency;
			target = 37BC41BA2CD1911B007AA26B /* Travel */;
			targetProxy = 981007E32CFFEA43007D3ACC /* PBXContainerItemProxy */;
		};
/* End PBXTargetDependency section */

/* Begin XCBuildConfiguration section */
		37BC41C72CD1911C007AA26B /* Debug */ = {
			isa = XCBuildConfiguration;
			buildSettings = {
				ALWAYS_SEARCH_USER_PATHS = NO;
				ASSETCATALOG_COMPILER_GENERATE_SWIFT_ASSET_SYMBOL_EXTENSIONS = YES;
				CLANG_ANALYZER_NONNULL = YES;
				CLANG_ANALYZER_NUMBER_OBJECT_CONVERSION = YES_AGGRESSIVE;
				CLANG_CXX_LANGUAGE_STANDARD = "gnu++20";
				CLANG_ENABLE_MODULES = YES;
				CLANG_ENABLE_OBJC_ARC = YES;
				CLANG_ENABLE_OBJC_WEAK = YES;
				CLANG_WARN_BLOCK_CAPTURE_AUTORELEASING = YES;
				CLANG_WARN_BOOL_CONVERSION = YES;
				CLANG_WARN_COMMA = YES;
				CLANG_WARN_CONSTANT_CONVERSION = YES;
				CLANG_WARN_DEPRECATED_OBJC_IMPLEMENTATIONS = YES;
				CLANG_WARN_DIRECT_OBJC_ISA_USAGE = YES_ERROR;
				CLANG_WARN_DOCUMENTATION_COMMENTS = YES;
				CLANG_WARN_EMPTY_BODY = YES;
				CLANG_WARN_ENUM_CONVERSION = YES;
				CLANG_WARN_INFINITE_RECURSION = YES;
				CLANG_WARN_INT_CONVERSION = YES;
				CLANG_WARN_NON_LITERAL_NULL_CONVERSION = YES;
				CLANG_WARN_OBJC_IMPLICIT_RETAIN_SELF = YES;
				CLANG_WARN_OBJC_LITERAL_CONVERSION = YES;
				CLANG_WARN_OBJC_ROOT_CLASS = YES_ERROR;
				CLANG_WARN_QUOTED_INCLUDE_IN_FRAMEWORK_HEADER = YES;
				CLANG_WARN_RANGE_LOOP_ANALYSIS = YES;
				CLANG_WARN_STRICT_PROTOTYPES = YES;
				CLANG_WARN_SUSPICIOUS_MOVE = YES;
				CLANG_WARN_UNGUARDED_AVAILABILITY = YES_AGGRESSIVE;
				CLANG_WARN_UNREACHABLE_CODE = YES;
				CLANG_WARN__DUPLICATE_METHOD_MATCH = YES;
				COPY_PHASE_STRIP = NO;
				DEBUG_INFORMATION_FORMAT = dwarf;
				ENABLE_STRICT_OBJC_MSGSEND = YES;
				ENABLE_TESTABILITY = YES;
				ENABLE_USER_SCRIPT_SANDBOXING = YES;
				GCC_C_LANGUAGE_STANDARD = gnu17;
				GCC_DYNAMIC_NO_PIC = NO;
				GCC_NO_COMMON_BLOCKS = YES;
				GCC_OPTIMIZATION_LEVEL = 0;
				GCC_PREPROCESSOR_DEFINITIONS = (
					"DEBUG=1",
					"$(inherited)",
				);
				GCC_WARN_64_TO_32_BIT_CONVERSION = YES;
				GCC_WARN_ABOUT_RETURN_TYPE = YES_ERROR;
				GCC_WARN_UNDECLARED_SELECTOR = YES;
				GCC_WARN_UNINITIALIZED_AUTOS = YES_AGGRESSIVE;
				GCC_WARN_UNUSED_FUNCTION = YES;
				GCC_WARN_UNUSED_VARIABLE = YES;
				IPHONEOS_DEPLOYMENT_TARGET = 17.5;
				LOCALIZATION_PREFERS_STRING_CATALOGS = YES;
				MTL_ENABLE_DEBUG_INFO = INCLUDE_SOURCE;
				MTL_FAST_MATH = YES;
				ONLY_ACTIVE_ARCH = YES;
				SDKROOT = iphoneos;
				SWIFT_ACTIVE_COMPILATION_CONDITIONS = "DEBUG $(inherited)";
				SWIFT_OPTIMIZATION_LEVEL = "-Onone";
			};
			name = Debug;
		};
		37BC41C82CD1911C007AA26B /* Release */ = {
			isa = XCBuildConfiguration;
			buildSettings = {
				ALWAYS_SEARCH_USER_PATHS = NO;
				ASSETCATALOG_COMPILER_GENERATE_SWIFT_ASSET_SYMBOL_EXTENSIONS = YES;
				CLANG_ANALYZER_NONNULL = YES;
				CLANG_ANALYZER_NUMBER_OBJECT_CONVERSION = YES_AGGRESSIVE;
				CLANG_CXX_LANGUAGE_STANDARD = "gnu++20";
				CLANG_ENABLE_MODULES = YES;
				CLANG_ENABLE_OBJC_ARC = YES;
				CLANG_ENABLE_OBJC_WEAK = YES;
				CLANG_WARN_BLOCK_CAPTURE_AUTORELEASING = YES;
				CLANG_WARN_BOOL_CONVERSION = YES;
				CLANG_WARN_COMMA = YES;
				CLANG_WARN_CONSTANT_CONVERSION = YES;
				CLANG_WARN_DEPRECATED_OBJC_IMPLEMENTATIONS = YES;
				CLANG_WARN_DIRECT_OBJC_ISA_USAGE = YES_ERROR;
				CLANG_WARN_DOCUMENTATION_COMMENTS = YES;
				CLANG_WARN_EMPTY_BODY = YES;
				CLANG_WARN_ENUM_CONVERSION = YES;
				CLANG_WARN_INFINITE_RECURSION = YES;
				CLANG_WARN_INT_CONVERSION = YES;
				CLANG_WARN_NON_LITERAL_NULL_CONVERSION = YES;
				CLANG_WARN_OBJC_IMPLICIT_RETAIN_SELF = YES;
				CLANG_WARN_OBJC_LITERAL_CONVERSION = YES;
				CLANG_WARN_OBJC_ROOT_CLASS = YES_ERROR;
				CLANG_WARN_QUOTED_INCLUDE_IN_FRAMEWORK_HEADER = YES;
				CLANG_WARN_RANGE_LOOP_ANALYSIS = YES;
				CLANG_WARN_STRICT_PROTOTYPES = YES;
				CLANG_WARN_SUSPICIOUS_MOVE = YES;
				CLANG_WARN_UNGUARDED_AVAILABILITY = YES_AGGRESSIVE;
				CLANG_WARN_UNREACHABLE_CODE = YES;
				CLANG_WARN__DUPLICATE_METHOD_MATCH = YES;
				COPY_PHASE_STRIP = NO;
				DEBUG_INFORMATION_FORMAT = "dwarf-with-dsym";
				ENABLE_NS_ASSERTIONS = NO;
				ENABLE_STRICT_OBJC_MSGSEND = YES;
				ENABLE_USER_SCRIPT_SANDBOXING = YES;
				GCC_C_LANGUAGE_STANDARD = gnu17;
				GCC_NO_COMMON_BLOCKS = YES;
				GCC_WARN_64_TO_32_BIT_CONVERSION = YES;
				GCC_WARN_ABOUT_RETURN_TYPE = YES_ERROR;
				GCC_WARN_UNDECLARED_SELECTOR = YES;
				GCC_WARN_UNINITIALIZED_AUTOS = YES_AGGRESSIVE;
				GCC_WARN_UNUSED_FUNCTION = YES;
				GCC_WARN_UNUSED_VARIABLE = YES;
				IPHONEOS_DEPLOYMENT_TARGET = 17.5;
				LOCALIZATION_PREFERS_STRING_CATALOGS = YES;
				MTL_ENABLE_DEBUG_INFO = NO;
				MTL_FAST_MATH = YES;
				SDKROOT = iphoneos;
				SWIFT_COMPILATION_MODE = wholemodule;
				VALIDATE_PRODUCT = YES;
			};
			name = Release;
		};
		37BC41CA2CD1911C007AA26B /* Debug */ = {
			isa = XCBuildConfiguration;
			buildSettings = {
				ASSETCATALOG_COMPILER_APPICON_NAME = AppIcon;
				ASSETCATALOG_COMPILER_GLOBAL_ACCENT_COLOR_NAME = AccentColor;
				CODE_SIGN_STYLE = Automatic;
				CURRENT_PROJECT_VERSION = 1;
				DEVELOPMENT_ASSET_PATHS = "\"Travel/Preview Content\"";
				DEVELOPMENT_TEAM = GX3GRH354R;
				ENABLE_PREVIEWS = YES;
				GENERATE_INFOPLIST_FILE = YES;
				INFOPLIST_FILE = Travel/Info.plist;
				INFOPLIST_KEY_CFBundleDisplayName = TogetherTrip;
				INFOPLIST_KEY_UIApplicationSceneManifest_Generation = YES;
				INFOPLIST_KEY_UIApplicationSupportsIndirectInputEvents = YES;
				INFOPLIST_KEY_UILaunchScreen_Generation = YES;
				INFOPLIST_KEY_UISupportedInterfaceOrientations_iPad = "UIInterfaceOrientationPortrait UIInterfaceOrientationPortraitUpsideDown UIInterfaceOrientationLandscapeLeft UIInterfaceOrientationLandscapeRight";
				INFOPLIST_KEY_UISupportedInterfaceOrientations_iPhone = "UIInterfaceOrientationPortrait UIInterfaceOrientationLandscapeLeft UIInterfaceOrientationLandscapeRight";
				LD_RUNPATH_SEARCH_PATHS = (
					"$(inherited)",
					"@executable_path/Frameworks",
				);
				MARKETING_VERSION = 1.0;
				PRODUCT_BUNDLE_IDENTIFIER = Cindy.Travel;
				PRODUCT_NAME = "$(TARGET_NAME)";
				SWIFT_EMIT_LOC_STRINGS = YES;
				SWIFT_VERSION = 5.0;
				TARGETED_DEVICE_FAMILY = "1,2";
			};
			name = Debug;
		};
		37BC41CB2CD1911C007AA26B /* Release */ = {
			isa = XCBuildConfiguration;
			buildSettings = {
				ASSETCATALOG_COMPILER_APPICON_NAME = AppIcon;
				ASSETCATALOG_COMPILER_GLOBAL_ACCENT_COLOR_NAME = AccentColor;
				CODE_SIGN_STYLE = Automatic;
				CURRENT_PROJECT_VERSION = 1;
				DEVELOPMENT_ASSET_PATHS = "\"Travel/Preview Content\"";
				DEVELOPMENT_TEAM = GX3GRH354R;
				ENABLE_PREVIEWS = YES;
				GENERATE_INFOPLIST_FILE = YES;
				INFOPLIST_FILE = Travel/Info.plist;
				INFOPLIST_KEY_CFBundleDisplayName = TogetherTrip;
				INFOPLIST_KEY_UIApplicationSceneManifest_Generation = YES;
				INFOPLIST_KEY_UIApplicationSupportsIndirectInputEvents = YES;
				INFOPLIST_KEY_UILaunchScreen_Generation = YES;
				INFOPLIST_KEY_UISupportedInterfaceOrientations_iPad = "UIInterfaceOrientationPortrait UIInterfaceOrientationPortraitUpsideDown UIInterfaceOrientationLandscapeLeft UIInterfaceOrientationLandscapeRight";
				INFOPLIST_KEY_UISupportedInterfaceOrientations_iPhone = "UIInterfaceOrientationPortrait UIInterfaceOrientationLandscapeLeft UIInterfaceOrientationLandscapeRight";
				LD_RUNPATH_SEARCH_PATHS = (
					"$(inherited)",
					"@executable_path/Frameworks",
				);
				MARKETING_VERSION = 1.0;
				PRODUCT_BUNDLE_IDENTIFIER = Cindy.Travel;
				PRODUCT_NAME = "$(TARGET_NAME)";
				SWIFT_EMIT_LOC_STRINGS = YES;
				SWIFT_VERSION = 5.0;
				TARGETED_DEVICE_FAMILY = "1,2";
			};
			name = Release;
		};
		981007E62CFFEA43007D3ACC /* Debug */ = {
			isa = XCBuildConfiguration;
			buildSettings = {
				BUNDLE_LOADER = "$(TEST_HOST)";
				CODE_SIGN_STYLE = Automatic;
				CURRENT_PROJECT_VERSION = 1;
				GENERATE_INFOPLIST_FILE = YES;
				IPHONEOS_DEPLOYMENT_TARGET = 18.1;
				MARKETING_VERSION = 1.0;
				PRODUCT_BUNDLE_IDENTIFIER = is443.TravelTests;
				PRODUCT_NAME = "$(TARGET_NAME)";
				SWIFT_EMIT_LOC_STRINGS = NO;
				SWIFT_VERSION = 5.0;
				TARGETED_DEVICE_FAMILY = "1,2";
				TEST_HOST = "$(BUILT_PRODUCTS_DIR)/Travel.app/$(BUNDLE_EXECUTABLE_FOLDER_PATH)/Travel";
			};
			name = Debug;
		};
		981007E72CFFEA43007D3ACC /* Release */ = {
			isa = XCBuildConfiguration;
			buildSettings = {
				BUNDLE_LOADER = "$(TEST_HOST)";
				CODE_SIGN_STYLE = Automatic;
				CURRENT_PROJECT_VERSION = 1;
				GENERATE_INFOPLIST_FILE = YES;
				IPHONEOS_DEPLOYMENT_TARGET = 18.1;
				MARKETING_VERSION = 1.0;
				PRODUCT_BUNDLE_IDENTIFIER = is443.TravelTests;
				PRODUCT_NAME = "$(TARGET_NAME)";
				SWIFT_EMIT_LOC_STRINGS = NO;
				SWIFT_VERSION = 5.0;
				TARGETED_DEVICE_FAMILY = "1,2";
				TEST_HOST = "$(BUILT_PRODUCTS_DIR)/Travel.app/$(BUNDLE_EXECUTABLE_FOLDER_PATH)/Travel";
			};
			name = Release;
		};
/* End XCBuildConfiguration section */

/* Begin XCConfigurationList section */
		37BC41B62CD1911B007AA26B /* Build configuration list for PBXProject "Travel" */ = {
			isa = XCConfigurationList;
			buildConfigurations = (
				37BC41C72CD1911C007AA26B /* Debug */,
				37BC41C82CD1911C007AA26B /* Release */,
			);
			defaultConfigurationIsVisible = 0;
			defaultConfigurationName = Release;
		};
		37BC41C92CD1911C007AA26B /* Build configuration list for PBXNativeTarget "Travel" */ = {
			isa = XCConfigurationList;
			buildConfigurations = (
				37BC41CA2CD1911C007AA26B /* Debug */,
				37BC41CB2CD1911C007AA26B /* Release */,
			);
			defaultConfigurationIsVisible = 0;
			defaultConfigurationName = Release;
		};
		981007E52CFFEA43007D3ACC /* Build configuration list for PBXNativeTarget "TravelTests" */ = {
			isa = XCConfigurationList;
			buildConfigurations = (
				981007E62CFFEA43007D3ACC /* Debug */,
				981007E72CFFEA43007D3ACC /* Release */,
			);
			defaultConfigurationIsVisible = 0;
			defaultConfigurationName = Release;
		};
/* End XCConfigurationList section */

/* Begin XCRemoteSwiftPackageReference section */
		37BC41CE2CD19183007AA26B /* XCRemoteSwiftPackageReference "firebase-ios-sdk" */ = {
			isa = XCRemoteSwiftPackageReference;
			repositoryURL = "https://github.com/firebase/firebase-ios-sdk";
			requirement = {
				kind = upToNextMajorVersion;
				minimumVersion = 11.4.0;
			};
		};
/* End XCRemoteSwiftPackageReference section */

/* Begin XCSwiftPackageProductDependency section */
		3715B0D62CFC32EF00013644 /* FirebaseStorage */ = {
			isa = XCSwiftPackageProductDependency;
			package = 37BC41CE2CD19183007AA26B /* XCRemoteSwiftPackageReference "firebase-ios-sdk" */;
			productName = FirebaseStorage;
		};
		3715B0D82CFC331000013644 /* FirebaseStorageCombine-Community */ = {
			isa = XCSwiftPackageProductDependency;
			package = 37BC41CE2CD19183007AA26B /* XCRemoteSwiftPackageReference "firebase-ios-sdk" */;
			productName = "FirebaseStorageCombine-Community";
		};
		37BC41CF2CD19183007AA26B /* FirebaseCore */ = {
			isa = XCSwiftPackageProductDependency;
			package = 37BC41CE2CD19183007AA26B /* XCRemoteSwiftPackageReference "firebase-ios-sdk" */;
			productName = FirebaseCore;
		};
		37BC41D12CD19183007AA26B /* FirebaseFirestore */ = {
			isa = XCSwiftPackageProductDependency;
			package = 37BC41CE2CD19183007AA26B /* XCRemoteSwiftPackageReference "firebase-ios-sdk" */;
			productName = FirebaseFirestore;
		};
/* End XCSwiftPackageProductDependency section */
	};
	rootObject = 37BC41B32CD1911B007AA26B /* Project object */;
}
